lockfileVersion: 5.3

specifiers:
  vite: ^2.8.6
  vitest: ^0.6.0

devDependencies:
  vite: registry.npmmirror.com/vite/2.8.6
  vitest: registry.npmmirror.com/vitest/0.6.0

packages:

  registry.npmmirror.com/@types/chai-subset/1.3.3:
    resolution: {integrity: sha512-frBecisrNGz+F4T6bcc+NLeolfiojh5FxW2klu669+8BARtyQv2C/GkNW6FUodVe4BroGMP/wER/YDGc7rEllw==, registry: https://registry.npm.taobao.org/, tarball: https://registry.npmmirror.com/@types/chai-subset/-/chai-subset-1.3.3.tgz}
    name: '@types/chai-subset'
    version: 1.3.3
    dependencies:
      '@types/chai': registry.npmmirror.com/@types/chai/4.3.0
    dev: true

  registry.npmmirror.com/@types/chai/4.3.0:
    resolution: {integrity: sha512-/ceqdqeRraGolFTcfoXNiqjyQhZzbINDngeoAq9GoHa8PPK1yNzTaxWjA6BFWp5Ua9JpXEMSS4s5i9tS0hOJtw==, registry: https://registry.npm.taobao.org/, tarball: https://registry.npmmirror.com/@types/chai/-/chai-4.3.0.tgz}
    name: '@types/chai'
    version: 4.3.0
    dev: true

  registry.npmmirror.com/assertion-error/1.1.0:
    resolution: {integrity: sha512-jgsaNduz+ndvGyFt3uSuWqvy4lCnIJiovtouQN5JZHOKCS2QuhEdbcQHFhVksz2N2U9hXJo8odG7ETyWlEeuDw==, registry: https://registry.npm.taobao.org/, tarball: https://registry.npmmirror.com/assertion-error/-/assertion-error-1.1.0.tgz}
    name: assertion-error
    version: 1.1.0
    dev: true

  registry.npmmirror.com/chai/4.3.6:
    resolution: {integrity: sha512-bbcp3YfHCUzMOvKqsztczerVgBKSsEijCySNlHHbX3VG1nskvqjz5Rfso1gGwD6w6oOV3eI60pKuMOV5MV7p3Q==, registry: https://registry.npm.taobao.org/, tarball: https://registry.npmmirror.com/chai/-/chai-4.3.6.tgz}
    name: chai
    version: 4.3.6
    engines: {node: '>=4'}
    dependencies:
      assertion-error: registry.npmmirror.com/assertion-error/1.1.0
      check-error: registry.npmmirror.com/check-error/1.0.2
      deep-eql: registry.npmmirror.com/deep-eql/3.0.1
      get-func-name: registry.npmmirror.com/get-func-name/2.0.0
      loupe: registry.npmmirror.com/loupe/2.3.4
      pathval: registry.npmmirror.com/pathval/1.1.1
      type-detect: registry.npmmirror.com/type-detect/4.0.8
    dev: true

  registry.npmmirror.com/check-error/1.0.2:
    resolution: {integrity: sha512-BrgHpW9NURQgzoNyjfq0Wu6VFO6D7IZEmJNdtgNqpzGG8RuNFHt2jQxWlAs4HMe119chBnv+34syEZtc6IhLtA==, registry: https://registry.npm.taobao.org/, tarball: https://registry.npmmirror.com/check-error/-/check-error-1.0.2.tgz}
    name: check-error
    version: 1.0.2
    dev: true

  registry.npmmirror.com/deep-eql/3.0.1:
    resolution: {integrity: sha512-+QeIQyN5ZuO+3Uk5DYh6/1eKO0m0YmJFGNmFHGACpf1ClL1nmlV/p4gNgbl2pJGxgXb4faqo6UE+M5ACEMyVcw==, registry: https://registry.npm.taobao.org/, tarball: https://registry.npmmirror.com/deep-eql/-/deep-eql-3.0.1.tgz}
    name: deep-eql
    version: 3.0.1
    engines: {node: '>=0.12'}
    dependencies:
      type-detect: registry.npmmirror.com/type-detect/4.0.8
    dev: true

  registry.npmmirror.com/esbuild-android-64/0.14.25:
    resolution: {integrity: sha512-L5vCUk7TzFbBnoESNoXjU3x9+/+7TDIE/1mTfy/erAfvZAqC+S3sp/Qa9wkypFMcFvN9FzvESkTlpeQDolREtQ==, registry: https://registry.npm.taobao.org/, tarball: https://registry.npmmirror.com/esbuild-android-64/-/esbuild-android-64-0.14.25.tgz}
    name: esbuild-android-64
    version: 0.14.25
    engines: {node: '>=12'}
    cpu: [x64]
    os: [android]
    requiresBuild: true
    dev: true
    optional: true

  registry.npmmirror.com/esbuild-android-arm64/0.14.25:
    resolution: {integrity: sha512-4jv5xPjM/qNm27T5j3ZEck0PvjgQtoMHnz4FzwF5zNP56PvY2CT0WStcAIl6jNlsuDdN63rk2HRBIsO6xFbcFw==, registry: https://registry.npm.taobao.org/, tarball: https://registry.npmmirror.com/esbuild-android-arm64/-/esbuild-android-arm64-0.14.25.tgz}
    name: esbuild-android-arm64
    version: 0.14.25
    engines: {node: '>=12'}
    cpu: [arm64]
    os: [android]
    requiresBuild: true
    dev: true
    optional: true

  registry.npmmirror.com/esbuild-darwin-64/0.14.25:
    resolution: {integrity: sha512-TGp8tuudIxOyWd1+8aYPxQmC1ZQyvij/AfNBa35RubixD0zJ1vkKHVAzo0Zao1zcG6pNqiSyzfPto8vmg0s7oA==, registry: https://registry.npm.taobao.org/, tarball: https://registry.npmmirror.com/esbuild-darwin-64/-/esbuild-darwin-64-0.14.25.tgz}
    name: esbuild-darwin-64
    version: 0.14.25
    engines: {node: '>=12'}
    cpu: [x64]
    os: [darwin]
    requiresBuild: true
    dev: true
    optional: true

  registry.npmmirror.com/esbuild-darwin-arm64/0.14.25:
    resolution: {integrity: sha512-oTcDgdm0MDVEmw2DWu8BV68pYuImpFgvWREPErBZmNA4MYKGuBRaCiJqq6jZmBR1x+3y1DWCjez+5uLtuAm6mw==, registry: https://registry.npm.taobao.org/, tarball: https://registry.npmmirror.com/esbuild-darwin-arm64/-/esbuild-darwin-arm64-0.14.25.tgz}
    name: esbuild-darwin-arm64
    version: 0.14.25
    engines: {node: '>=12'}
    cpu: [arm64]
    os: [darwin]
    requiresBuild: true
    dev: true
    optional: true

  registry.npmmirror.com/esbuild-freebsd-64/0.14.25:
    resolution: {integrity: sha512-ueAqbnMZ8arnuLH8tHwTCQYeptnHOUV7vA6px6j4zjjQwDx7TdP7kACPf3TLZLdJQ3CAD1XCvQ2sPhX+8tacvQ==, registry: https://registry.npm.taobao.org/, tarball: https://registry.npmmirror.com/esbuild-freebsd-64/-/esbuild-freebsd-64-0.14.25.tgz}
    name: esbuild-freebsd-64
    version: 0.14.25
    engines: {node: '>=12'}
    cpu: [x64]
    os: [freebsd]
    requiresBuild: true
    dev: true
    optional: true

  registry.npmmirror.com/esbuild-freebsd-arm64/0.14.25:
    resolution: {integrity: sha512-+ZVWud2HKh+Ob6k/qiJWjBtUg4KmJGGmbvEXXW1SNKS7hW7HU+Zq2ZCcE1akFxOPkVB+EhOty/sSek30tkCYug==, registry: https://registry.npm.taobao.org/, tarball: https://registry.npmmirror.com/esbuild-freebsd-arm64/-/esbuild-freebsd-arm64-0.14.25.tgz}
    name: esbuild-freebsd-arm64
    version: 0.14.25
    engines: {node: '>=12'}
    cpu: [arm64]
    os: [freebsd]
    requiresBuild: true
    dev: true
    optional: true

  registry.npmmirror.com/esbuild-linux-32/0.14.25:
    resolution: {integrity: sha512-3OP/lwV3kCzEz45tobH9nj+uE4ubhGsfx+tn0L26WAGtUbmmcRpqy7XRG/qK7h1mClZ+eguIANcQntYMdYklfw==, registry: https://registry.npm.taobao.org/, tarball: https://registry.npmmirror.com/esbuild-linux-32/-/esbuild-linux-32-0.14.25.tgz}
    name: esbuild-linux-32
    version: 0.14.25
    engines: {node: '>=12'}
    cpu: [ia32]
    os: [linux]
    requiresBuild: true
    dev: true
    optional: true

  registry.npmmirror.com/esbuild-linux-64/0.14.25:
    resolution: {integrity: sha512-+aKHdHZmX9qwVlQmu5xYXh7GsBFf4TWrePgeJTalhXHOG7NNuUwoHmketGiZEoNsWyyqwH9rE5BC+iwcLY30Ug==, registry: https://registry.npm.taobao.org/, tarball: https://registry.npmmirror.com/esbuild-linux-64/-/esbuild-linux-64-0.14.25.tgz}
    name: esbuild-linux-64
    version: 0.14.25
    engines: {node: '>=12'}
    cpu: [x64]
    os: [linux]
    requiresBuild: true
    dev: true
    optional: true

  registry.npmmirror.com/esbuild-linux-arm/0.14.25:
    resolution: {integrity: sha512-aTLcE2VBoLydL943REcAcgnDi3bHtmULSXWLbjtBdtykRatJVSxKMjK9YlBXUZC4/YcNQfH7AxwVeQr9fNxPhw==, registry: https://registry.npm.taobao.org/, tarball: https://registry.npmmirror.com/esbuild-linux-arm/-/esbuild-linux-arm-0.14.25.tgz}
    name: esbuild-linux-arm
    version: 0.14.25
    engines: {node: '>=12'}
    cpu: [arm]
    os: [linux]
    requiresBuild: true
    dev: true
    optional: true

  registry.npmmirror.com/esbuild-linux-arm64/0.14.25:
    resolution: {integrity: sha512-UxfenPx/wSZx55gScCImPtXekvZQLI2GW3qe5dtlmU7luiqhp5GWPzGeQEbD3yN3xg/pHc671m5bma5Ns7lBHw==, registry: https://registry.npm.taobao.org/, tarball: https://registry.npmmirror.com/esbuild-linux-arm64/-/esbuild-linux-arm64-0.14.25.tgz}
    name: esbuild-linux-arm64
    version: 0.14.25
    engines: {node: '>=12'}
    cpu: [arm64]
    os: [linux]
    requiresBuild: true
    dev: true
    optional: true

  registry.npmmirror.com/esbuild-linux-mips64le/0.14.25:
    resolution: {integrity: sha512-wLWYyqVfYx9Ur6eU5RT92yJVsaBGi5RdkoWqRHOqcJ38Kn60QMlcghsKeWfe9jcYut8LangYZ98xO1LxIoSXrQ==, registry: https://registry.npm.taobao.org/, tarball: https://registry.npmmirror.com/esbuild-linux-mips64le/-/esbuild-linux-mips64le-0.14.25.tgz}
    name: esbuild-linux-mips64le
    version: 0.14.25
    engines: {node: '>=12'}
    cpu: [mips64el]
    os: [linux]
    requiresBuild: true
    dev: true
    optional: true

  registry.npmmirror.com/esbuild-linux-ppc64le/0.14.25:
    resolution: {integrity: sha512-0dR6Csl6Zas3g4p9ULckEl8Mo8IInJh33VCJ3eaV1hj9+MHGdmDOakYMN8MZP9/5nl+NU/0ygpd14cWgy8uqRw==, registry: https://registry.npm.taobao.org/, tarball: https://registry.npmmirror.com/esbuild-linux-ppc64le/-/esbuild-linux-ppc64le-0.14.25.tgz}
    name: esbuild-linux-ppc64le
    version: 0.14.25
    engines: {node: '>=12'}
    cpu: [ppc64]
    os: [linux]
    requiresBuild: true
    dev: true
    optional: true

  registry.npmmirror.com/esbuild-linux-riscv64/0.14.25:
    resolution: {integrity: sha512-J4d20HDmTrgvhR0bdkDhvvJGaikH3LzXQnNaseo8rcw9Yqby9A90gKUmWpfwqLVNRILvNnAmKLfBjCKU9ajg8w==, registry: https://registry.npm.taobao.org/, tarball: https://registry.npmmirror.com/esbuild-linux-riscv64/-/esbuild-linux-riscv64-0.14.25.tgz}
    name: esbuild-linux-riscv64
    version: 0.14.25
    engines: {node: '>=12'}
    cpu: [riscv64]
    os: [linux]
    requiresBuild: true
    dev: true
    optional: true

  registry.npmmirror.com/esbuild-linux-s390x/0.14.25:
    resolution: {integrity: sha512-YI2d5V6nTE73ZnhEKQD7MtsPs1EtUZJ3obS21oxQxGbbRw1G+PtJKjNyur+3t6nzHP9oTg6GHQ3S3hOLLmbDIQ==, registry: https://registry.npm.taobao.org/, tarball: https://registry.npmmirror.com/esbuild-linux-s390x/-/esbuild-linux-s390x-0.14.25.tgz}
    name: esbuild-linux-s390x
    version: 0.14.25
    engines: {node: '>=12'}
    cpu: [s390x]
    os: [linux]
    requiresBuild: true
    dev: true
    optional: true

  registry.npmmirror.com/esbuild-netbsd-64/0.14.25:
    resolution: {integrity: sha512-TKIVgNWLUOkr+Exrye70XTEE1lJjdQXdM4tAXRzfHE9iBA7LXWcNtVIuSnphTqpanPzTDFarF0yqq4kpbC6miA==, registry: https://registry.npm.taobao.org/, tarball: https://registry.npmmirror.com/esbuild-netbsd-64/-/esbuild-netbsd-64-0.14.25.tgz}
    name: esbuild-netbsd-64
    version: 0.14.25
    engines: {node: '>=12'}
    cpu: [x64]
    os: [netbsd]
    requiresBuild: true
    dev: true
    optional: true

  registry.npmmirror.com/esbuild-openbsd-64/0.14.25:
    resolution: {integrity: sha512-QgFJ37A15D7NIXBTYEqz29+uw3nNBOIyog+3kFidANn6kjw0GHZ0lEYQn+cwjyzu94WobR+fes7cTl/ZYlHb1A==, registry: https://registry.npm.taobao.org/, tarball: https://registry.npmmirror.com/esbuild-openbsd-64/-/esbuild-openbsd-64-0.14.25.tgz}
    name: esbuild-openbsd-64
    version: 0.14.25
    engines: {node: '>=12'}
    cpu: [x64]
    os: [openbsd]
    requiresBuild: true
    dev: true
    optional: true

  registry.npmmirror.com/esbuild-sunos-64/0.14.25:
    resolution: {integrity: sha512-rmWfjUItYIVlqr5EnTH1+GCxXiBOC42WBZ3w++qh7n2cS9Xo0lO5pGSG2N+huOU2fX5L+6YUuJ78/vOYvefeFw==, registry: https://registry.npm.taobao.org/, tarball: https://registry.npmmirror.com/esbuild-sunos-64/-/esbuild-sunos-64-0.14.25.tgz}
    name: esbuild-sunos-64
    version: 0.14.25
    engines: {node: '>=12'}
    cpu: [x64]
    os: [sunos]
    requiresBuild: true
    dev: true
    optional: true

  registry.npmmirror.com/esbuild-windows-32/0.14.25:
    resolution: {integrity: sha512-HGAxVUofl3iUIz9W10Y9XKtD0bNsK9fBXv1D55N/ljNvkrAYcGB8YCm0v7DjlwtyS6ws3dkdQyXadbxkbzaKOA==, registry: https://registry.npm.taobao.org/, tarball: https://registry.npmmirror.com/esbuild-windows-32/-/esbuild-windows-32-0.14.25.tgz}
    name: esbuild-windows-32
    version: 0.14.25
    engines: {node: '>=12'}
    cpu: [ia32]
    os: [win32]
    requiresBuild: true
    dev: true
    optional: true

  registry.npmmirror.com/esbuild-windows-64/0.14.25:
    resolution: {integrity: sha512-TirEohRkfWU9hXLgoDxzhMQD1g8I2mOqvdQF2RS9E/wbkORTAqJHyh7wqGRCQAwNzdNXdg3JAyhQ9/177AadWA==, registry: https://registry.npm.taobao.org/, tarball: https://registry.npmmirror.com/esbuild-windows-64/-/esbuild-windows-64-0.14.25.tgz}
    name: esbuild-windows-64
    version: 0.14.25
    engines: {node: '>=12'}
    cpu: [x64]
    os: [win32]
    requiresBuild: true
    dev: true
    optional: true

  registry.npmmirror.com/esbuild-windows-arm64/0.14.25:
    resolution: {integrity: sha512-4ype9ERiI45rSh+R8qUoBtaj6kJvUOI7oVLhKqPEpcF4Pa5PpT3hm/mXAyotJHREkHpM87PAJcA442mLnbtlNA==, registry: https://registry.npm.taobao.org/, tarball: https://registry.npmmirror.com/esbuild-windows-arm64/-/esbuild-windows-arm64-0.14.25.tgz}
    name: esbuild-windows-arm64
    version: 0.14.25
    engines: {node: '>=12'}
    cpu: [arm64]
    os: [win32]
    requiresBuild: true
    dev: true
    optional: true

  registry.npmmirror.com/esbuild/0.14.25:
    resolution: {integrity: sha512-4JHEIOMNFvK09ziiL+iVmldIhLbn49V4NAVo888tcGFKedEZY/Y8YapfStJ6zSE23tzYPKxqKwQBnQoIO0BI/Q==, registry: https://registry.npm.taobao.org/, tarball: https://registry.npmmirror.com/esbuild/-/esbuild-0.14.25.tgz}
    name: esbuild
    version: 0.14.25
    engines: {node: '>=12'}
    hasBin: true
    requiresBuild: true
    optionalDependencies:
      esbuild-android-64: registry.npmmirror.com/esbuild-android-64/0.14.25
      esbuild-android-arm64: registry.npmmirror.com/esbuild-android-arm64/0.14.25
      esbuild-darwin-64: registry.npmmirror.com/esbuild-darwin-64/0.14.25
      esbuild-darwin-arm64: registry.npmmirror.com/esbuild-darwin-arm64/0.14.25
      esbuild-freebsd-64: registry.npmmirror.com/esbuild-freebsd-64/0.14.25
      esbuild-freebsd-arm64: registry.npmmirror.com/esbuild-freebsd-arm64/0.14.25
      esbuild-linux-32: registry.npmmirror.com/esbuild-linux-32/0.14.25
      esbuild-linux-64: registry.npmmirror.com/esbuild-linux-64/0.14.25
      esbuild-linux-arm: registry.npmmirror.com/esbuild-linux-arm/0.14.25
      esbuild-linux-arm64: registry.npmmirror.com/esbuild-linux-arm64/0.14.25
      esbuild-linux-mips64le: registry.npmmirror.com/esbuild-linux-mips64le/0.14.25
      esbuild-linux-ppc64le: registry.npmmirror.com/esbuild-linux-ppc64le/0.14.25
      esbuild-linux-riscv64: registry.npmmirror.com/esbuild-linux-riscv64/0.14.25
      esbuild-linux-s390x: registry.npmmirror.com/esbuild-linux-s390x/0.14.25
      esbuild-netbsd-64: registry.npmmirror.com/esbuild-netbsd-64/0.14.25
      esbuild-openbsd-64: registry.npmmirror.com/esbuild-openbsd-64/0.14.25
      esbuild-sunos-64: registry.npmmirror.com/esbuild-sunos-64/0.14.25
      esbuild-windows-32: registry.npmmirror.com/esbuild-windows-32/0.14.25
      esbuild-windows-64: registry.npmmirror.com/esbuild-windows-64/0.14.25
      esbuild-windows-arm64: registry.npmmirror.com/esbuild-windows-arm64/0.14.25
    dev: true

  registry.npmmirror.com/fsevents/2.3.2:
    resolution: {integrity: sha512-xiqMQR4xAeHTuB9uWm+fFRcIOgKBMiOBP+eXiyT7jsgVCq1bkVygt00oASowB7EdtpOHaaPgKt812P9ab+DDKA==, registry: https://registry.npm.taobao.org/, tarball: https://registry.npmmirror.com/fsevents/-/fsevents-2.3.2.tgz}
    name: fsevents
    version: 2.3.2
    engines: {node: ^8.16.0 || ^10.6.0 || >=11.0.0}
    os: [darwin]
    requiresBuild: true
    dev: true
    optional: true

  registry.npmmirror.com/function-bind/1.1.1:
    resolution: {integrity: sha512-yIovAzMX49sF8Yl58fSCWJ5svSLuaibPxXQJFLmBObTuCr0Mf1KiPopGM9NiFjiYBCbfaa2Fh6breQ6ANVTI0A==, registry: https://registry.npm.taobao.org/, tarball: https://registry.npmmirror.com/function-bind/-/function-bind-1.1.1.tgz}
    name: function-bind
    version: 1.1.1
    dev: true

  registry.npmmirror.com/get-func-name/2.0.0:
    resolution: {integrity: sha512-Hm0ixYtaSZ/V7C8FJrtZIuBBI+iSgL+1Aq82zSu8VQNB4S3Gk8e7Qs3VwBDJAhmRZcFqkl3tQu36g/Foh5I5ig==, registry: https://registry.npm.taobao.org/, tarball: https://registry.npmmirror.com/get-func-name/-/get-func-name-2.0.0.tgz}
    name: get-func-name
    version: 2.0.0
    dev: true

  registry.npmmirror.com/has/1.0.3:
    resolution: {integrity: sha512-f2dvO0VU6Oej7RkWJGrehjbzMAjFp5/VKPp5tTpWIV4JHHZK1/BxbFRtf/siA2SWTe09caDmVtYYzWEIbBS4zw==, registry: https://registry.npm.taobao.org/, tarball: https://registry.npmmirror.com/has/-/has-1.0.3.tgz}
    name: has
    version: 1.0.3
    engines: {node: '>= 0.4.0'}
    dependencies:
      function-bind: registry.npmmirror.com/function-bind/1.1.1
    dev: true

  registry.npmmirror.com/is-core-module/2.8.1:
    resolution: {integrity: sha512-SdNCUs284hr40hFTFP6l0IfZ/RSrMXF3qgoRHd3/79unUTvrFO/JoXwkGm+5J/Oe3E/b5GsnG330uUNgRpu1PA==, registry: https://registry.npm.taobao.org/, tarball: https://registry.npmmirror.com/is-core-module/-/is-core-module-2.8.1.tgz}
    name: is-core-module
    version: 2.8.1
    dependencies:
      has: registry.npmmirror.com/has/1.0.3
    dev: true

  registry.npmmirror.com/local-pkg/0.4.1:
    resolution: {integrity: sha512-lL87ytIGP2FU5PWwNDo0w3WhIo2gopIAxPg9RxDYF7m4rr5ahuZxP22xnJHIvaLTe4Z9P6uKKY2UHiwyB4pcrw==, registry: https://registry.npm.taobao.org/, tarball: https://registry.npmmirror.com/local-pkg/-/local-pkg-0.4.1.tgz}
    name: local-pkg
    version: 0.4.1
    engines: {node: '>=14'}
    dev: true

  registry.npmmirror.com/loupe/2.3.4:
    resolution: {integrity: sha512-OvKfgCC2Ndby6aSTREl5aCCPTNIzlDfQZvZxNUrBrihDhL3xcrYegTblhmEiCrg2kKQz4XsFIaemE5BF4ybSaQ==, registry: https://registry.npm.taobao.org/, tarball: https://registry.npmmirror.com/loupe/-/loupe-2.3.4.tgz}
    name: loupe
    version: 2.3.4
    dependencies:
      get-func-name: registry.npmmirror.com/get-func-name/2.0.0
    dev: true

  registry.npmmirror.com/nanoid/3.3.1:
    resolution: {integrity: sha512-n6Vs/3KGyxPQd6uO0eH4Bv0ojGSUvuLlIHtC3Y0kEO23YRge8H9x1GCzLn28YX0H66pMkxuaeESFq4tKISKwdw==, registry: https://registry.npm.taobao.org/, tarball: https://registry.npmmirror.com/nanoid/-/nanoid-3.3.1.tgz}
    name: nanoid
    version: 3.3.1
    engines: {node: ^10 || ^12 || ^13.7 || ^14 || >=15.0.1}
    hasBin: true
    dev: true

  registry.npmmirror.com/path-parse/1.0.7:
    resolution: {integrity: sha512-LDJzPVEEEPR+y48z93A0Ed0yXb8pAByGWo/k5YYdYgpY2/2EsOsksJrq7lOHxryrVOn1ejG6oAp8ahvOIQD8sw==, registry: https://registry.npm.taobao.org/, tarball: https://registry.npmmirror.com/path-parse/-/path-parse-1.0.7.tgz}
    name: path-parse
    version: 1.0.7
    dev: true

  registry.npmmirror.com/pathval/1.1.1:
    resolution: {integrity: sha512-Dp6zGqpTdETdR63lehJYPeIOqpiNBNtc7BpWSLrOje7UaIsE5aY92r/AunQA7rsXvet3lrJ3JnZX29UPTKXyKQ==, registry: https://registry.npm.taobao.org/, tarball: https://registry.npmmirror.com/pathval/-/pathval-1.1.1.tgz}
    name: pathval
    version: 1.1.1
    dev: true

  registry.npmmirror.com/picocolors/1.0.0:
    resolution: {integrity: sha512-1fygroTLlHu66zi26VoTDv8yRgm0Fccecssto+MhsZ0D/DGW2sm8E8AjW7NU5VVTRt5GxbeZ5qBuJr+HyLYkjQ==, registry: https://registry.npm.taobao.org/, tarball: https://registry.npmmirror.com/picocolors/-/picocolors-1.0.0.tgz}
    name: picocolors
    version: 1.0.0
    dev: true

  registry.npmmirror.com/postcss/8.4.8:
    resolution: {integrity: sha512-2tXEqGxrjvAO6U+CJzDL2Fk2kPHTv1jQsYkSoMeOis2SsYaXRO2COxTdQp99cYvif9JTXaAk9lYGc3VhJt7JPQ==, registry: https://registry.npm.taobao.org/, tarball: https://registry.npmmirror.com/postcss/-/postcss-8.4.8.tgz}
    name: postcss
    version: 8.4.8
    engines: {node: ^10 || ^12 || >=14}
    dependencies:
      nanoid: registry.npmmirror.com/nanoid/3.3.1
      picocolors: registry.npmmirror.com/picocolors/1.0.0
      source-map-js: registry.npmmirror.com/source-map-js/1.0.2
    dev: true

  registry.npmmirror.com/resolve/1.22.0:
    resolution: {integrity: sha512-Hhtrw0nLeSrFQ7phPp4OOcVjLPIeMnRlr5mcnVuMe7M/7eBn98A3hmFRLoFo3DLZkivSYwhRUJTyPyWAk56WLw==, registry: https://registry.npm.taobao.org/, tarball: https://registry.npmmirror.com/resolve/-/resolve-1.22.0.tgz}
    name: resolve
    version: 1.22.0
    hasBin: true
    dependencies:
      is-core-module: registry.npmmirror.com/is-core-module/2.8.1
      path-parse: registry.npmmirror.com/path-parse/1.0.7
      supports-preserve-symlinks-flag: registry.npmmirror.com/supports-preserve-symlinks-flag/1.0.0
    dev: true

  registry.npmmirror.com/rollup/2.70.0:
    resolution: {integrity: sha512-iEzYw+syFxQ0X9RefVwhr8BA2TNJsTaX8L8dhyeyMECDbmiba+8UQzcu+xZdji0+JQ+s7kouQnw+9Oz5M19XKA==, registry: https://registry.npm.taobao.org/, tarball: https://registry.npmmirror.com/rollup/-/rollup-2.70.0.tgz}
    name: rollup
    version: 2.70.0
    engines: {node: '>=10.0.0'}
    hasBin: true
    optionalDependencies:
      fsevents: registry.npmmirror.com/fsevents/2.3.2
    dev: true

  registry.npmmirror.com/source-map-js/1.0.2:
    resolution: {integrity: sha512-R0XvVJ9WusLiqTCEiGCmICCMplcCkIwwR11mOSD9CR5u+IXYdiseeEuXCVAjS54zqwkLcPNnmU4OeJ6tUrWhDw==, registry: https://registry.npm.taobao.org/, tarball: https://registry.npmmirror.com/source-map-js/-/source-map-js-1.0.2.tgz}
    name: source-map-js
    version: 1.0.2
    engines: {node: '>=0.10.0'}
    dev: true

  registry.npmmirror.com/supports-preserve-symlinks-flag/1.0.0:
    resolution: {integrity: sha512-ot0WnXS9fgdkgIcePe6RHNk1WA8+muPa6cSjeR3V8K27q9BB1rTE3R1p7Hv0z1ZyAc8s6Vvv8DIyWf681MAt0w==, registry: https://registry.npm.taobao.org/, tarball: https://registry.npmmirror.com/supports-preserve-symlinks-flag/-/supports-preserve-symlinks-flag-1.0.0.tgz}
    name: supports-preserve-symlinks-flag
    version: 1.0.0
    engines: {node: '>= 0.4'}
    dev: true

  registry.npmmirror.com/tinypool/0.1.2:
    resolution: {integrity: sha512-fvtYGXoui2RpeMILfkvGIgOVkzJEGediv8UJt7TxdAOY8pnvUkFg/fkvqTfXG9Acc9S17Cnn1S4osDc2164guA==, registry: https://registry.npm.taobao.org/, tarball: https://registry.npmmirror.com/tinypool/-/tinypool-0.1.2.tgz}
    name: tinypool
    version: 0.1.2
    engines: {node: '>=14.0.0'}
    dev: true

  registry.npmmirror.com/tinyspy/0.3.0:
    resolution: {integrity: sha512-c5uFHqtUp74R2DJE3/Efg0mH5xicmgziaQXMm/LvuuZn3RdpADH32aEGDRyCzObXT1DNfwDMqRQ/Drh1MlO12g==, registry: https://registry.npm.taobao.org/, tarball: https://registry.npmmirror.com/tinyspy/-/tinyspy-0.3.0.tgz}
    name: tinyspy
    version: 0.3.0
    engines: {node: '>=14.0.0'}
    dev: true

  registry.npmmirror.com/type-detect/4.0.8:
    resolution: {integrity: sha512-0fr/mIH1dlO+x7TlcMy+bIDqKPsw/70tVyeHW787goQjhmqaZe10uwLujubK9q9Lg6Fiho1KUKDYz0Z7k7g5/g==, registry: https://registry.npm.taobao.org/, tarball: https://registry.npmmirror.com/type-detect/-/type-detect-4.0.8.tgz}
    name: type-detect
    version: 4.0.8
    engines: {node: '>=4'}
    dev: true

  registry.npmmirror.com/vite/2.8.6:
    resolution: {integrity: sha512-e4H0QpludOVKkmOsRyqQ7LTcMUDF3mcgyNU4lmi0B5JUbe0ZxeBBl8VoZ8Y6Rfn9eFKYtdXNPcYK97ZwH+K2ug==, registry: https://registry.npm.taobao.org/, tarball: https://registry.npmmirror.com/vite/-/vite-2.8.6.tgz}
    name: vite
    version: 2.8.6
    engines: {node: '>=12.2.0'}
    hasBin: true
    peerDependencies:
      less: '*'
      sass: '*'
      stylus: '*'
    peerDependenciesMeta:
      less:
        optional: true
      sass:
        optional: true
      stylus:
        optional: true
    dependencies:
      esbuild: registry.npmmirror.com/esbuild/0.14.25
      postcss: registry.npmmirror.com/postcss/8.4.8
      resolve: registry.npmmirror.com/resolve/1.22.0
      rollup: registry.npmmirror.com/rollup/2.70.0
    optionalDependencies:
      fsevents: registry.npmmirror.com/fsevents/2.3.2
    dev: true

  registry.npmmirror.com/vitest/0.6.0:
    resolution: {integrity: sha512-FuIkLHCQxz6rO35MQROUtVdwcBaYnt198YpPGIrJXmuNHGolfPbrZIiwpD7bek0OiETxuphK3+KR5oJ5Qi1g5A==, registry: https://registry.npm.taobao.org/, tarball: https://registry.npmmirror.com/vitest/-/vitest-0.6.0.tgz}
    name: vitest
    version: 0.6.0
    engines: {node: '>=14.14.0'}
    hasBin: true
    peerDependencies:
      '@vitest/ui': '*'
      c8: '*'
      happy-dom: '*'
      jsdom: '*'
    peerDependenciesMeta:
      '@vitest/ui':
        optional: true
      c8:
        optional: true
      happy-dom:
        optional: true
      jsdom:
        optional: true
    dependencies:
      '@types/chai': registry.npmmirror.com/@types/chai/4.3.0
      '@types/chai-subset': registry.npmmirror.com/@types/chai-subset/1.3.3
      chai: registry.npmmirror.com/chai/4.3.6
      local-pkg: registry.npmmirror.com/local-pkg/0.4.1
      tinypool: registry.npmmirror.com/tinypool/0.1.2
      tinyspy: registry.npmmirror.com/tinyspy/0.3.0
      vite: registry.npmmirror.com/vite/2.8.6
    transitivePeerDependencies:
      - less
      - sass
      - stylus
    dev: true
